github.com/fluent/fluent-bit-go v0.0.0-20221129124408-1c1d505c91a5 h1:Tv0DD0GlyTeptXhk7reG5bMGERgxelnnOrCGZbmE6KE=
github.com/fluent/fluent-bit-go v0.0.0-20221129124408-1c1d505c91a5/go.mod h1:L92h+dgwElEyUuShEwjbiHjseW410WIcNz+Bjutc8YQ=
github.com/ugorji/go v1.1.7/go.mod h1:kZn38zHttfInRq0xu/PH0az30d+z6vm202qpg1oXVMw=
github.com/ugorji/go/codec v1.1.7 h1:2SvQaVZ1ouYrrKKwoSk2pzd4A9evlKJb9oTL+OaLUSs=
github.com/ugorji/go/codec v1.1.7/go.mod h1:Ax+UKWsSmolVDwsd+7N3ZtXu+yMGCf907BLYF3GoBXY=
